
Microsoft Visual Studio Solution File, Format Version 12.00
# Visual Studio 15
VisualStudioVersion = 15.0.28307.1145
MinimumVisualStudioVersion = 10.0.40219.1
Project("{FAE04EC0-301F-11D3-BF4B-00C04F79EFBC}") = "FiveASideTeamPickerApp", "FiveASideTeamPickerApp\FiveASideTeamPickerApp.csproj", "{021CA7C5-5408-4C68-B1CC-0BF382B294B1}"
EndProject
Project("{FAE04EC0-301F-11D3-BF4B-00C04F79EFBC}") = "FantasyTeamsDBSharedCode", "FantasyTeamsDBSharedCode\FantasyTeamsDBSharedCode.csproj", "{BA7F9B93-30AC-4C3B-8272-D51EAD215D08}"
EndProject
Global
	GlobalSection(SolutionConfigurationPlatforms) = preSolution
		Debug|Any CPU = Debug|Any CPU
		Release|Any CPU = Release|Any CPU
	EndGlobalSection
	GlobalSection(ProjectConfigurationPlatforms) = postSolution
		{021CA7C5-5408-4C68-B1CC-0BF382B294B1}.Debug|Any CPU.ActiveCfg = Debug|Any CPU
		{021CA7C5-5408-4C68-B1CC-0BF382B294B1}.Debug|Any CPU.Build.0 = Debug|Any CPU
		{021CA7C5-5408-4C68-B1CC-0BF382B294B1}.Debug|Any CPU.Deploy.0 = Debug|Any CPU
		{021CA7C5-5408-4C68-B1CC-0BF382B294B1}.Release|Any CPU.ActiveCfg = Release|Any CPU
		{021CA7C5-5408-4C68-B1CC-0BF382B294B1}.Release|Any CPU.Build.0 = Release|Any CPU
		{021CA7C5-5408-4C68-B1CC-0BF382B294B1}.Release|Any CPU.Deploy.0 = Release|Any CPU
		{BA7F9B93-30AC-4C3B-8272-D51EAD215D08}.Debug|Any CPU.ActiveCfg = Debug|Any CPU
		{BA7F9B93-30AC-4C3B-8272-D51EAD215D08}.Debug|Any CPU.Build.0 = Debug|Any CPU
		{BA7F9B93-30AC-4C3B-8272-D51EAD215D08}.Release|Any CPU.ActiveCfg = Release|Any CPU
		{BA7F9B93-30AC-4C3B-8272-D51EAD215D08}.Release|Any CPU.Build.0 = Release|Any CPU
	EndGlobalSection
	GlobalSection(SolutionProperties) = preSolution
		HideSolutionNode = FALSE
	EndGlobalSection
	GlobalSection(ExtensibilityGlobals) = postSolution
		SolutionGuid = {10103DD5-4AA7-45C6-A35E-1DADF0C45EA6}
	EndGlobalSection
EndGlobal
